
Microsoft Visual Studio Solution File, Format Version 12.00
# Visual Studio 14
VisualStudioVersion = 14.0.24720.0
MinimumVisualStudioVersion = 10.0.40219.1
Project("{FAE04EC0-301F-11D3-BF4B-00C04F79EFBC}") = "Models", "Models\Models.csproj", "{CF0ADB8C-D65F-4ABF-818D-AB933CF498C5}"
EndProject
Project("{FAE04EC0-301F-11D3-BF4B-00C04F79EFBC}") = "Publisher", "Publisher\Publisher.csproj", "{A118FFA0-66B8-4F6A-A5F0-FCB956709127}"
EndProject
Global
	GlobalSection(SolutionConfigurationPlatforms) = preSolution
		Debug|Any CPU = Debug|Any CPU
		Release|Any CPU = Release|Any CPU
	EndGlobalSection
	GlobalSection(ProjectConfigurationPlatforms) = postSolution
		{CF0ADB8C-D65F-4ABF-818D-AB933CF498C5}.Debug|Any CPU.ActiveCfg = Debug|Any CPU
		{CF0ADB8C-D65F-4ABF-818D-AB933CF498C5}.Debug|Any CPU.Build.0 = Debug|Any CPU
		{CF0ADB8C-D65F-4ABF-818D-AB933CF498C5}.Release|Any CPU.ActiveCfg = Release|Any CPU
		{CF0ADB8C-D65F-4ABF-818D-AB933CF498C5}.Release|Any CPU.Build.0 = Release|Any CPU
		{A118FFA0-66B8-4F6A-A5F0-FCB956709127}.Debug|Any CPU.ActiveCfg = Debug|Any CPU
		{A118FFA0-66B8-4F6A-A5F0-FCB956709127}.Debug|Any CPU.Build.0 = Debug|Any CPU
		{A118FFA0-66B8-4F6A-A5F0-FCB956709127}.Release|Any CPU.ActiveCfg = Release|Any CPU
		{A118FFA0-66B8-4F6A-A5F0-FCB956709127}.Release|Any CPU.Build.0 = Release|Any CPU
	EndGlobalSection
	GlobalSection(SolutionProperties) = preSolution
		HideSolutionNode = FALSE
	EndGlobalSection
EndGlobal
